{
  "name": "ami2mqtt",
  "version": "1.0.0",
  "lockfileVersion": 2,
  "requires": true,
  "packages": {
    "": {
      "name": "ami2mqtt",
      "version": "1.0.0",
      "license": "GPL-3.0-or-later",
      "dependencies": {
        "asterisk-manager": "^0.2.0"
      }
    },
    "node_modules/asterisk-manager": {
      "version": "0.2.0",
      "resolved": "https://registry.npmjs.org/asterisk-manager/-/asterisk-manager-0.2.0.tgz",
      "integrity": "sha512-drPPaG18ZZx1+E8rSzWxzh5fmJw0poSWgsu4HHT/UWlvFmqCwtfBZILpdsDDGhD43ughWYxC0cmR7KirHDPaww=="
    }
  },
  "dependencies": {
    "asterisk-manager": {
      "version": "0.2.0",
      "resolved": "https://registry.npmjs.org/asterisk-manager/-/asterisk-manager-0.2.0.tgz",
      "integrity": "sha512-drPPaG18ZZx1+E8rSzWxzh5fmJw0poSWgsu4HHT/UWlvFmqCwtfBZILpdsDDGhD43ughWYxC0cmR7KirHDPaww=="
    }
  }
}
